
Microsoft Visual Studio Solution File, Format Version 11.00
# Visual Studio 2010
Project("{FAE04EC0-301F-11D3-BF4B-00C04F79EFBC}") = "LegendsOfClassicalMusic", "LegendsOfClassicalMusic\LegendsOfClassicalMusic.csproj", "{B57B7652-36EC-465C-B346-BDBDCD72A3F9}"
EndProject
Global
	GlobalSection(SolutionConfigurationPlatforms) = preSolution
		Debug|Any CPU = Debug|Any CPU
		Release|Any CPU = Release|Any CPU
	EndGlobalSection
	GlobalSection(ProjectConfigurationPlatforms) = postSolution
		{B57B7652-36EC-465C-B346-BDBDCD72A3F9}.Debug|Any CPU.ActiveCfg = Debug|Any CPU
		{B57B7652-36EC-465C-B346-BDBDCD72A3F9}.Debug|Any CPU.Build.0 = Debug|Any CPU
		{B57B7652-36EC-465C-B346-BDBDCD72A3F9}.Release|Any CPU.ActiveCfg = Release|Any CPU
		{B57B7652-36EC-465C-B346-BDBDCD72A3F9}.Release|Any CPU.Build.0 = Release|Any CPU
	EndGlobalSection
	GlobalSection(MonoDevelopProperties) = preSolution
		StartupItem = LegendsOfClassicalMusic\LegendsOfClassicalMusic.csproj
	EndGlobalSection
EndGlobal
